
Microsoft Visual Studio Solution File, Format Version 12.00
# Visual Studio Version 17
VisualStudioVersion = 17.4.33205.214
MinimumVisualStudioVersion = 10.0.40219.1
Project("{9A19103F-16F7-4668-BE54-9A1E7A4F7556}") = "BurnGfx", "BurnGfx\BurnGfx.csproj", "{C66A2C4B-CE17-4DDE-B7AF-14D8C4B4F7E1}"
EndProject
Project("{9A19103F-16F7-4668-BE54-9A1E7A4F7556}") = "Burntime.Core", "Burntime.Core\Burntime.Core.csproj", "{8A3F3861-B877-4049-96C4-C83F9B615B77}"
EndProject
Project("{9A19103F-16F7-4668-BE54-9A1E7A4F7556}") = "Classic", "Classic\Classic.csproj", "{30EA843D-FC52-4653-9FAF-AA1AC2669F5E}"
EndProject
Project("{9A19103F-16F7-4668-BE54-9A1E7A4F7556}") = "Platform", "Platform\Platform.csproj", "{26DF8CA5-A349-4E35-A0B9-5048AF6C20C3}"
EndProject
Project("{9A19103F-16F7-4668-BE54-9A1E7A4F7556}") = "Framework", "Framework\Framework.csproj", "{D7F6B52A-1E43-486E-815E-394DDDDCD534}"
EndProject
Project("{9A19103F-16F7-4668-BE54-9A1E7A4F7556}") = "Burntime", "Burntime\Burntime.csproj", "{73F80529-9314-47ED-B4C7-18E8A9785685}"
EndProject
Project("{9A19103F-16F7-4668-BE54-9A1E7A4F7556}") = "PakConverter", "PakConverter\PakConverter.csproj", "{74955E9B-D49A-4883-A266-F9E6D6A4E42E}"
EndProject
Project("{9A19103F-16F7-4668-BE54-9A1E7A4F7556}") = "Launcher", "Launcher\Launcher.csproj", "{1B1DEC0B-7C65-444E-8336-DF14842C0A20}"
EndProject
Project("{2150E333-8FDC-42A3-9474-1A3956D46DE8}") = "resources", "resources", "{1C04537C-30C9-4D81-8A51-4B7D514D9CBA}"
	ProjectSection(SolutionItems) = preProject
		..\resources\ChangeLog.txt = ..\resources\ChangeLog.txt
		..\resources\game\classic\construction.txt = ..\resources\game\classic\construction.txt
		..\resources\game\classic\gamesettings.txt = ..\resources\game\classic\gamesettings.txt
		..\resources\game\classic\items.txt = ..\resources\game\classic\items.txt
		..\resources\ReadMe.txt = ..\resources\ReadMe.txt
		..\resources\game\classic\trader.txt = ..\resources\game\classic\trader.txt
	EndProjectSection
EndProject
Project("{2150E333-8FDC-42A3-9474-1A3956D46DE8}") = "maps", "maps", "{C858236C-E64D-4CCD-B414-5C80B7A8BC7B}"
	ProjectSection(SolutionItems) = preProject
		..\resources\game\classic\maps\MAT_000-ways.txt = ..\resources\game\classic\maps\MAT_000-ways.txt
		..\resources\game\classic\maps\MAT_000.txt = ..\resources\game\classic\maps\MAT_000.txt
		..\resources\game\classic\maps\MAT_038.txt = ..\resources\game\classic\maps\MAT_038.txt
	EndProjectSection
EndProject
Project("{2150E333-8FDC-42A3-9474-1A3956D46DE8}") = "lang", "lang", "{486630E5-05BD-494D-8C4B-D87D1951634F}"
EndProject
Project("{2150E333-8FDC-42A3-9474-1A3956D46DE8}") = "de", "de", "{BA3A19CA-00BB-43E9-88EB-6DDC660C5E88}"
	ProjectSection(SolutionItems) = preProject
		..\resources\game\classic_de\lang\de\BURN.TXT = ..\resources\game\classic_de\lang\de\BURN.TXT
		..\resources\game\classic_de\lang\de\newburn.txt = ..\resources\game\classic_de\lang\de\newburn.txt
	EndProjectSection
EndProject
Project("{2150E333-8FDC-42A3-9474-1A3956D46DE8}") = "en", "en", "{9EBE441F-3F89-44D4-B8A6-E0A4761DD32B}"
	ProjectSection(SolutionItems) = preProject
		..\resources\game\classic\lang\en\BURN.TXT = ..\resources\game\classic\lang\en\BURN.TXT
		..\resources\game\classic\lang\en\newburn.txt = ..\resources\game\classic\lang\en\newburn.txt
	EndProjectSection
EndProject
Project("{9A19103F-16F7-4668-BE54-9A1E7A4F7556}") = "MapEditor", "MapEditor\MapEditor.csproj", "{E5457E40-E243-4FEA-9F5C-D3BD9CD24A80}"
EndProject
Global
	GlobalSection(SolutionConfigurationPlatforms) = preSolution
		Debug|x86 = Debug|x86
		Release|x86 = Release|x86
	EndGlobalSection
	GlobalSection(ProjectConfigurationPlatforms) = postSolution
		{C66A2C4B-CE17-4DDE-B7AF-14D8C4B4F7E1}.Debug|x86.ActiveCfg = Debug|x86
		{C66A2C4B-CE17-4DDE-B7AF-14D8C4B4F7E1}.Debug|x86.Build.0 = Debug|x86
		{C66A2C4B-CE17-4DDE-B7AF-14D8C4B4F7E1}.Release|x86.ActiveCfg = Release|x86
		{C66A2C4B-CE17-4DDE-B7AF-14D8C4B4F7E1}.Release|x86.Build.0 = Release|x86
		{8A3F3861-B877-4049-96C4-C83F9B615B77}.Debug|x86.ActiveCfg = Debug|Any CPU
		{8A3F3861-B877-4049-96C4-C83F9B615B77}.Debug|x86.Build.0 = Debug|Any CPU
		{8A3F3861-B877-4049-96C4-C83F9B615B77}.Release|x86.ActiveCfg = Release|Any CPU
		{8A3F3861-B877-4049-96C4-C83F9B615B77}.Release|x86.Build.0 = Release|Any CPU
		{30EA843D-FC52-4653-9FAF-AA1AC2669F5E}.Debug|x86.ActiveCfg = Debug|x86
		{30EA843D-FC52-4653-9FAF-AA1AC2669F5E}.Debug|x86.Build.0 = Debug|x86
		{30EA843D-FC52-4653-9FAF-AA1AC2669F5E}.Release|x86.ActiveCfg = Release|x86
		{30EA843D-FC52-4653-9FAF-AA1AC2669F5E}.Release|x86.Build.0 = Release|x86
		{26DF8CA5-A349-4E35-A0B9-5048AF6C20C3}.Debug|x86.ActiveCfg = Debug|x86
		{26DF8CA5-A349-4E35-A0B9-5048AF6C20C3}.Debug|x86.Build.0 = Debug|x86
		{26DF8CA5-A349-4E35-A0B9-5048AF6C20C3}.Release|x86.ActiveCfg = Release|x86
		{26DF8CA5-A349-4E35-A0B9-5048AF6C20C3}.Release|x86.Build.0 = Release|x86
		{D7F6B52A-1E43-486E-815E-394DDDDCD534}.Debug|x86.ActiveCfg = Debug|x86
		{D7F6B52A-1E43-486E-815E-394DDDDCD534}.Debug|x86.Build.0 = Debug|x86
		{D7F6B52A-1E43-486E-815E-394DDDDCD534}.Release|x86.ActiveCfg = Release|x86
		{D7F6B52A-1E43-486E-815E-394DDDDCD534}.Release|x86.Build.0 = Release|x86
		{73F80529-9314-47ED-B4C7-18E8A9785685}.Debug|x86.ActiveCfg = Debug|x86
		{73F80529-9314-47ED-B4C7-18E8A9785685}.Debug|x86.Build.0 = Debug|x86
		{73F80529-9314-47ED-B4C7-18E8A9785685}.Release|x86.ActiveCfg = Release|x86
		{73F80529-9314-47ED-B4C7-18E8A9785685}.Release|x86.Build.0 = Release|x86
		{74955E9B-D49A-4883-A266-F9E6D6A4E42E}.Debug|x86.ActiveCfg = Debug|x86
		{74955E9B-D49A-4883-A266-F9E6D6A4E42E}.Debug|x86.Build.0 = Debug|x86
		{74955E9B-D49A-4883-A266-F9E6D6A4E42E}.Release|x86.ActiveCfg = Release|x86
		{74955E9B-D49A-4883-A266-F9E6D6A4E42E}.Release|x86.Build.0 = Release|x86
		{1B1DEC0B-7C65-444E-8336-DF14842C0A20}.Debug|x86.ActiveCfg = Debug|x86
		{1B1DEC0B-7C65-444E-8336-DF14842C0A20}.Debug|x86.Build.0 = Debug|x86
		{1B1DEC0B-7C65-444E-8336-DF14842C0A20}.Release|x86.ActiveCfg = Release|x86
		{1B1DEC0B-7C65-444E-8336-DF14842C0A20}.Release|x86.Build.0 = Release|x86
		{E5457E40-E243-4FEA-9F5C-D3BD9CD24A80}.Debug|x86.ActiveCfg = Debug|x86
		{E5457E40-E243-4FEA-9F5C-D3BD9CD24A80}.Debug|x86.Build.0 = Debug|x86
		{E5457E40-E243-4FEA-9F5C-D3BD9CD24A80}.Release|x86.ActiveCfg = Release|x86
		{E5457E40-E243-4FEA-9F5C-D3BD9CD24A80}.Release|x86.Build.0 = Release|x86
	EndGlobalSection
	GlobalSection(SolutionProperties) = preSolution
		HideSolutionNode = FALSE
	EndGlobalSection
	GlobalSection(NestedProjects) = preSolution
		{C858236C-E64D-4CCD-B414-5C80B7A8BC7B} = {1C04537C-30C9-4D81-8A51-4B7D514D9CBA}
		{486630E5-05BD-494D-8C4B-D87D1951634F} = {1C04537C-30C9-4D81-8A51-4B7D514D9CBA}
		{BA3A19CA-00BB-43E9-88EB-6DDC660C5E88} = {486630E5-05BD-494D-8C4B-D87D1951634F}
		{9EBE441F-3F89-44D4-B8A6-E0A4761DD32B} = {486630E5-05BD-494D-8C4B-D87D1951634F}
	EndGlobalSection
	GlobalSection(ExtensibilityGlobals) = postSolution
		SolutionGuid = {0FB71535-0B1A-4A24-9723-CE9C5B6536A7}
	EndGlobalSection
EndGlobal
