
Microsoft Visual Studio Solution File, Format Version 12.00
# Visual Studio Version 17
VisualStudioVersion = 17.4.33205.214
MinimumVisualStudioVersion = 10.0.40219.1
Project("{9A19103F-16F7-4668-BE54-9A1E7A4F7556}") = "Burntime.BurnGfx", "Burntime.BurnGfx\Burntime.BurnGfx.csproj", "{C66A2C4B-CE17-4DDE-B7AF-14D8C4B4F7E1}"
EndProject
Project("{9A19103F-16F7-4668-BE54-9A1E7A4F7556}") = "Burntime.Remaster", "Burntime.Remaster\Burntime.Remaster.csproj", "{30EA843D-FC52-4653-9FAF-AA1AC2669F5E}"
EndProject
Project("{9A19103F-16F7-4668-BE54-9A1E7A4F7556}") = "Burntime.Platform", "Burntime.Platform\Burntime.Platform.csproj", "{26DF8CA5-A349-4E35-A0B9-5048AF6C20C3}"
EndProject
Project("{9A19103F-16F7-4668-BE54-9A1E7A4F7556}") = "Burntime.Framework", "Burntime.Framework\Burntime.Framework.csproj", "{D7F6B52A-1E43-486E-815E-394DDDDCD534}"
EndProject
Project("{9A19103F-16F7-4668-BE54-9A1E7A4F7556}") = "Burntime.SlimDX", "Burntime.SlimDX\Burntime.SlimDX.csproj", "{73F80529-9314-47ED-B4C7-18E8A9785685}"
EndProject
Project("{9A19103F-16F7-4668-BE54-9A1E7A4F7556}") = "PakConverter", "PakConverter\PakConverter.csproj", "{74955E9B-D49A-4883-A266-F9E6D6A4E42E}"
EndProject
Project("{2150E333-8FDC-42A3-9474-1A3956D46DE8}") = "resources", "resources", "{1C04537C-30C9-4D81-8A51-4B7D514D9CBA}"
	ProjectSection(SolutionItems) = preProject
		..\resources\ChangeLog.txt = ..\resources\ChangeLog.txt
		..\resources\game\classic\construction.txt = ..\resources\game\classic\construction.txt
		..\resources\game\classic\gamesettings.txt = ..\resources\game\classic\gamesettings.txt
		..\resources\game\classic\items.txt = ..\resources\game\classic\items.txt
		..\resources\ReadMe.txt = ..\resources\ReadMe.txt
		..\resources\game\classic\trader.txt = ..\resources\game\classic\trader.txt
	EndProjectSection
EndProject
Project("{2150E333-8FDC-42A3-9474-1A3956D46DE8}") = "maps", "maps", "{C858236C-E64D-4CCD-B414-5C80B7A8BC7B}"
	ProjectSection(SolutionItems) = preProject
		..\resources\game\classic\maps\MAT_000-ways.txt = ..\resources\game\classic\maps\MAT_000-ways.txt
		..\resources\game\classic\maps\MAT_000.txt = ..\resources\game\classic\maps\MAT_000.txt
		..\resources\game\classic\maps\MAT_038.txt = ..\resources\game\classic\maps\MAT_038.txt
	EndProjectSection
EndProject
Project("{2150E333-8FDC-42A3-9474-1A3956D46DE8}") = "lang", "lang", "{486630E5-05BD-494D-8C4B-D87D1951634F}"
EndProject
Project("{2150E333-8FDC-42A3-9474-1A3956D46DE8}") = "de", "de", "{BA3A19CA-00BB-43E9-88EB-6DDC660C5E88}"
	ProjectSection(SolutionItems) = preProject
		..\resources\game\classic_de\lang\de\BURN.TXT = ..\resources\game\classic_de\lang\de\BURN.TXT
		..\resources\game\classic_de\lang\de\newburn.txt = ..\resources\game\classic_de\lang\de\newburn.txt
	EndProjectSection
EndProject
Project("{2150E333-8FDC-42A3-9474-1A3956D46DE8}") = "en", "en", "{9EBE441F-3F89-44D4-B8A6-E0A4761DD32B}"
	ProjectSection(SolutionItems) = preProject
		..\resources\game\classic\lang\en\BURN.TXT = ..\resources\game\classic\lang\en\BURN.TXT
		..\resources\game\classic\lang\en\newburn.txt = ..\resources\game\classic\lang\en\newburn.txt
	EndProjectSection
EndProject
Project("{9A19103F-16F7-4668-BE54-9A1E7A4F7556}") = "MapEditor", "MapEditor\MapEditor.csproj", "{E5457E40-E243-4FEA-9F5C-D3BD9CD24A80}"
EndProject
Project("{9A19103F-16F7-4668-BE54-9A1E7A4F7556}") = "Burntime.MonoGame", "Burntime.MonoGame\Burntime.MonoGame.csproj", "{C92309FB-C440-492C-A7FA-C2D67D824C13}"
EndProject
Global
	GlobalSection(SolutionConfigurationPlatforms) = preSolution
		Debug|Any CPU = Debug|Any CPU
		Debug|ARM = Debug|ARM
		Debug|x64 = Debug|x64
		Debug|x86 = Debug|x86
		Release|Any CPU = Release|Any CPU
		Release|ARM = Release|ARM
		Release|x64 = Release|x64
		Release|x86 = Release|x86
	EndGlobalSection
	GlobalSection(ProjectConfigurationPlatforms) = postSolution
		{C66A2C4B-CE17-4DDE-B7AF-14D8C4B4F7E1}.Debug|Any CPU.ActiveCfg = Debug|Any CPU
		{C66A2C4B-CE17-4DDE-B7AF-14D8C4B4F7E1}.Debug|Any CPU.Build.0 = Debug|Any CPU
		{C66A2C4B-CE17-4DDE-B7AF-14D8C4B4F7E1}.Debug|ARM.ActiveCfg = Debug|x86
		{C66A2C4B-CE17-4DDE-B7AF-14D8C4B4F7E1}.Debug|ARM.Build.0 = Debug|x86
		{C66A2C4B-CE17-4DDE-B7AF-14D8C4B4F7E1}.Debug|x64.ActiveCfg = Debug|x86
		{C66A2C4B-CE17-4DDE-B7AF-14D8C4B4F7E1}.Debug|x64.Build.0 = Debug|x86
		{C66A2C4B-CE17-4DDE-B7AF-14D8C4B4F7E1}.Debug|x86.ActiveCfg = Debug|Any CPU
		{C66A2C4B-CE17-4DDE-B7AF-14D8C4B4F7E1}.Debug|x86.Build.0 = Debug|Any CPU
		{C66A2C4B-CE17-4DDE-B7AF-14D8C4B4F7E1}.Release|Any CPU.ActiveCfg = Release|x86
		{C66A2C4B-CE17-4DDE-B7AF-14D8C4B4F7E1}.Release|Any CPU.Build.0 = Release|x86
		{C66A2C4B-CE17-4DDE-B7AF-14D8C4B4F7E1}.Release|ARM.ActiveCfg = Release|x86
		{C66A2C4B-CE17-4DDE-B7AF-14D8C4B4F7E1}.Release|ARM.Build.0 = Release|x86
		{C66A2C4B-CE17-4DDE-B7AF-14D8C4B4F7E1}.Release|x64.ActiveCfg = Release|x86
		{C66A2C4B-CE17-4DDE-B7AF-14D8C4B4F7E1}.Release|x64.Build.0 = Release|x86
		{C66A2C4B-CE17-4DDE-B7AF-14D8C4B4F7E1}.Release|x86.ActiveCfg = Release|Any CPU
		{C66A2C4B-CE17-4DDE-B7AF-14D8C4B4F7E1}.Release|x86.Build.0 = Release|Any CPU
		{30EA843D-FC52-4653-9FAF-AA1AC2669F5E}.Debug|Any CPU.ActiveCfg = Debug|Any CPU
		{30EA843D-FC52-4653-9FAF-AA1AC2669F5E}.Debug|Any CPU.Build.0 = Debug|Any CPU
		{30EA843D-FC52-4653-9FAF-AA1AC2669F5E}.Debug|ARM.ActiveCfg = Debug|x86
		{30EA843D-FC52-4653-9FAF-AA1AC2669F5E}.Debug|ARM.Build.0 = Debug|x86
		{30EA843D-FC52-4653-9FAF-AA1AC2669F5E}.Debug|x64.ActiveCfg = Debug|x86
		{30EA843D-FC52-4653-9FAF-AA1AC2669F5E}.Debug|x64.Build.0 = Debug|x86
		{30EA843D-FC52-4653-9FAF-AA1AC2669F5E}.Debug|x86.ActiveCfg = Debug|Any CPU
		{30EA843D-FC52-4653-9FAF-AA1AC2669F5E}.Debug|x86.Build.0 = Debug|Any CPU
		{30EA843D-FC52-4653-9FAF-AA1AC2669F5E}.Release|Any CPU.ActiveCfg = Release|x86
		{30EA843D-FC52-4653-9FAF-AA1AC2669F5E}.Release|Any CPU.Build.0 = Release|x86
		{30EA843D-FC52-4653-9FAF-AA1AC2669F5E}.Release|ARM.ActiveCfg = Release|x86
		{30EA843D-FC52-4653-9FAF-AA1AC2669F5E}.Release|ARM.Build.0 = Release|x86
		{30EA843D-FC52-4653-9FAF-AA1AC2669F5E}.Release|x64.ActiveCfg = Release|x86
		{30EA843D-FC52-4653-9FAF-AA1AC2669F5E}.Release|x64.Build.0 = Release|x86
		{30EA843D-FC52-4653-9FAF-AA1AC2669F5E}.Release|x86.ActiveCfg = Release|Any CPU
		{30EA843D-FC52-4653-9FAF-AA1AC2669F5E}.Release|x86.Build.0 = Release|Any CPU
		{26DF8CA5-A349-4E35-A0B9-5048AF6C20C3}.Debug|Any CPU.ActiveCfg = Debug|Any CPU
		{26DF8CA5-A349-4E35-A0B9-5048AF6C20C3}.Debug|Any CPU.Build.0 = Debug|Any CPU
		{26DF8CA5-A349-4E35-A0B9-5048AF6C20C3}.Debug|ARM.ActiveCfg = Debug|x86
		{26DF8CA5-A349-4E35-A0B9-5048AF6C20C3}.Debug|ARM.Build.0 = Debug|x86
		{26DF8CA5-A349-4E35-A0B9-5048AF6C20C3}.Debug|x64.ActiveCfg = Debug|x86
		{26DF8CA5-A349-4E35-A0B9-5048AF6C20C3}.Debug|x64.Build.0 = Debug|x86
		{26DF8CA5-A349-4E35-A0B9-5048AF6C20C3}.Debug|x86.ActiveCfg = Debug|Any CPU
		{26DF8CA5-A349-4E35-A0B9-5048AF6C20C3}.Debug|x86.Build.0 = Debug|Any CPU
		{26DF8CA5-A349-4E35-A0B9-5048AF6C20C3}.Release|Any CPU.ActiveCfg = Release|x64
		{26DF8CA5-A349-4E35-A0B9-5048AF6C20C3}.Release|Any CPU.Build.0 = Release|x64
		{26DF8CA5-A349-4E35-A0B9-5048AF6C20C3}.Release|ARM.ActiveCfg = Release|x86
		{26DF8CA5-A349-4E35-A0B9-5048AF6C20C3}.Release|ARM.Build.0 = Release|x86
		{26DF8CA5-A349-4E35-A0B9-5048AF6C20C3}.Release|x64.ActiveCfg = Release|x86
		{26DF8CA5-A349-4E35-A0B9-5048AF6C20C3}.Release|x64.Build.0 = Release|x86
		{26DF8CA5-A349-4E35-A0B9-5048AF6C20C3}.Release|x86.ActiveCfg = Release|Any CPU
		{26DF8CA5-A349-4E35-A0B9-5048AF6C20C3}.Release|x86.Build.0 = Release|Any CPU
		{D7F6B52A-1E43-486E-815E-394DDDDCD534}.Debug|Any CPU.ActiveCfg = Debug|Any CPU
		{D7F6B52A-1E43-486E-815E-394DDDDCD534}.Debug|Any CPU.Build.0 = Debug|Any CPU
		{D7F6B52A-1E43-486E-815E-394DDDDCD534}.Debug|ARM.ActiveCfg = Debug|x86
		{D7F6B52A-1E43-486E-815E-394DDDDCD534}.Debug|ARM.Build.0 = Debug|x86
		{D7F6B52A-1E43-486E-815E-394DDDDCD534}.Debug|x64.ActiveCfg = Debug|x86
		{D7F6B52A-1E43-486E-815E-394DDDDCD534}.Debug|x64.Build.0 = Debug|x86
		{D7F6B52A-1E43-486E-815E-394DDDDCD534}.Debug|x86.ActiveCfg = Debug|Any CPU
		{D7F6B52A-1E43-486E-815E-394DDDDCD534}.Debug|x86.Build.0 = Debug|Any CPU
		{D7F6B52A-1E43-486E-815E-394DDDDCD534}.Release|Any CPU.ActiveCfg = Release|x86
		{D7F6B52A-1E43-486E-815E-394DDDDCD534}.Release|Any CPU.Build.0 = Release|x86
		{D7F6B52A-1E43-486E-815E-394DDDDCD534}.Release|ARM.ActiveCfg = Release|x86
		{D7F6B52A-1E43-486E-815E-394DDDDCD534}.Release|ARM.Build.0 = Release|x86
		{D7F6B52A-1E43-486E-815E-394DDDDCD534}.Release|x64.ActiveCfg = Release|x86
		{D7F6B52A-1E43-486E-815E-394DDDDCD534}.Release|x64.Build.0 = Release|x86
		{D7F6B52A-1E43-486E-815E-394DDDDCD534}.Release|x86.ActiveCfg = Release|Any CPU
		{D7F6B52A-1E43-486E-815E-394DDDDCD534}.Release|x86.Build.0 = Release|Any CPU
		{73F80529-9314-47ED-B4C7-18E8A9785685}.Debug|Any CPU.ActiveCfg = Debug|x86
		{73F80529-9314-47ED-B4C7-18E8A9785685}.Debug|ARM.ActiveCfg = Debug|x86
		{73F80529-9314-47ED-B4C7-18E8A9785685}.Debug|ARM.Build.0 = Debug|x86
		{73F80529-9314-47ED-B4C7-18E8A9785685}.Debug|x64.ActiveCfg = Debug|x86
		{73F80529-9314-47ED-B4C7-18E8A9785685}.Debug|x64.Build.0 = Debug|x86
		{73F80529-9314-47ED-B4C7-18E8A9785685}.Debug|x86.ActiveCfg = Debug|x86
		{73F80529-9314-47ED-B4C7-18E8A9785685}.Debug|x86.Build.0 = Debug|x86
		{73F80529-9314-47ED-B4C7-18E8A9785685}.Release|Any CPU.ActiveCfg = Release|x86
		{73F80529-9314-47ED-B4C7-18E8A9785685}.Release|ARM.ActiveCfg = Release|x86
		{73F80529-9314-47ED-B4C7-18E8A9785685}.Release|ARM.Build.0 = Release|x86
		{73F80529-9314-47ED-B4C7-18E8A9785685}.Release|x64.ActiveCfg = Release|x86
		{73F80529-9314-47ED-B4C7-18E8A9785685}.Release|x64.Build.0 = Release|x86
		{73F80529-9314-47ED-B4C7-18E8A9785685}.Release|x86.ActiveCfg = Release|x86
		{73F80529-9314-47ED-B4C7-18E8A9785685}.Release|x86.Build.0 = Release|x86
		{74955E9B-D49A-4883-A266-F9E6D6A4E42E}.Debug|Any CPU.ActiveCfg = Debug|x86
		{74955E9B-D49A-4883-A266-F9E6D6A4E42E}.Debug|Any CPU.Build.0 = Debug|x86
		{74955E9B-D49A-4883-A266-F9E6D6A4E42E}.Debug|ARM.ActiveCfg = Debug|x86
		{74955E9B-D49A-4883-A266-F9E6D6A4E42E}.Debug|ARM.Build.0 = Debug|x86
		{74955E9B-D49A-4883-A266-F9E6D6A4E42E}.Debug|x64.ActiveCfg = Debug|x86
		{74955E9B-D49A-4883-A266-F9E6D6A4E42E}.Debug|x64.Build.0 = Debug|x86
		{74955E9B-D49A-4883-A266-F9E6D6A4E42E}.Debug|x86.ActiveCfg = Debug|x86
		{74955E9B-D49A-4883-A266-F9E6D6A4E42E}.Debug|x86.Build.0 = Debug|x86
		{74955E9B-D49A-4883-A266-F9E6D6A4E42E}.Release|Any CPU.ActiveCfg = Release|x86
		{74955E9B-D49A-4883-A266-F9E6D6A4E42E}.Release|Any CPU.Build.0 = Release|x86
		{74955E9B-D49A-4883-A266-F9E6D6A4E42E}.Release|ARM.ActiveCfg = Release|x86
		{74955E9B-D49A-4883-A266-F9E6D6A4E42E}.Release|ARM.Build.0 = Release|x86
		{74955E9B-D49A-4883-A266-F9E6D6A4E42E}.Release|x64.ActiveCfg = Release|x86
		{74955E9B-D49A-4883-A266-F9E6D6A4E42E}.Release|x64.Build.0 = Release|x86
		{74955E9B-D49A-4883-A266-F9E6D6A4E42E}.Release|x86.ActiveCfg = Release|x86
		{74955E9B-D49A-4883-A266-F9E6D6A4E42E}.Release|x86.Build.0 = Release|x86
		{E5457E40-E243-4FEA-9F5C-D3BD9CD24A80}.Debug|Any CPU.ActiveCfg = Debug|x86
		{E5457E40-E243-4FEA-9F5C-D3BD9CD24A80}.Debug|ARM.ActiveCfg = Debug|x86
		{E5457E40-E243-4FEA-9F5C-D3BD9CD24A80}.Debug|ARM.Build.0 = Debug|x86
		{E5457E40-E243-4FEA-9F5C-D3BD9CD24A80}.Debug|x64.ActiveCfg = Debug|x86
		{E5457E40-E243-4FEA-9F5C-D3BD9CD24A80}.Debug|x64.Build.0 = Debug|x86
		{E5457E40-E243-4FEA-9F5C-D3BD9CD24A80}.Debug|x86.ActiveCfg = Debug|x86
		{E5457E40-E243-4FEA-9F5C-D3BD9CD24A80}.Debug|x86.Build.0 = Debug|x86
		{E5457E40-E243-4FEA-9F5C-D3BD9CD24A80}.Release|Any CPU.ActiveCfg = Release|x86
		{E5457E40-E243-4FEA-9F5C-D3BD9CD24A80}.Release|ARM.ActiveCfg = Release|x86
		{E5457E40-E243-4FEA-9F5C-D3BD9CD24A80}.Release|ARM.Build.0 = Release|x86
		{E5457E40-E243-4FEA-9F5C-D3BD9CD24A80}.Release|x64.ActiveCfg = Release|x86
		{E5457E40-E243-4FEA-9F5C-D3BD9CD24A80}.Release|x64.Build.0 = Release|x86
		{E5457E40-E243-4FEA-9F5C-D3BD9CD24A80}.Release|x86.ActiveCfg = Release|x86
		{E5457E40-E243-4FEA-9F5C-D3BD9CD24A80}.Release|x86.Build.0 = Release|x86
		{C92309FB-C440-492C-A7FA-C2D67D824C13}.Debug|Any CPU.ActiveCfg = Debug|Any CPU
		{C92309FB-C440-492C-A7FA-C2D67D824C13}.Debug|Any CPU.Build.0 = Debug|Any CPU
		{C92309FB-C440-492C-A7FA-C2D67D824C13}.Debug|ARM.ActiveCfg = Debug|Any CPU
		{C92309FB-C440-492C-A7FA-C2D67D824C13}.Debug|ARM.Build.0 = Debug|Any CPU
		{C92309FB-C440-492C-A7FA-C2D67D824C13}.Debug|x64.ActiveCfg = Debug|Any CPU
		{C92309FB-C440-492C-A7FA-C2D67D824C13}.Debug|x64.Build.0 = Debug|Any CPU
		{C92309FB-C440-492C-A7FA-C2D67D824C13}.Debug|x86.ActiveCfg = Debug|Any CPU
		{C92309FB-C440-492C-A7FA-C2D67D824C13}.Debug|x86.Build.0 = Debug|Any CPU
		{C92309FB-C440-492C-A7FA-C2D67D824C13}.Release|Any CPU.ActiveCfg = Release|Any CPU
		{C92309FB-C440-492C-A7FA-C2D67D824C13}.Release|Any CPU.Build.0 = Release|Any CPU
		{C92309FB-C440-492C-A7FA-C2D67D824C13}.Release|ARM.ActiveCfg = Release|Any CPU
		{C92309FB-C440-492C-A7FA-C2D67D824C13}.Release|ARM.Build.0 = Release|Any CPU
		{C92309FB-C440-492C-A7FA-C2D67D824C13}.Release|x64.ActiveCfg = Release|Any CPU
		{C92309FB-C440-492C-A7FA-C2D67D824C13}.Release|x64.Build.0 = Release|Any CPU
		{C92309FB-C440-492C-A7FA-C2D67D824C13}.Release|x86.ActiveCfg = Release|Any CPU
		{C92309FB-C440-492C-A7FA-C2D67D824C13}.Release|x86.Build.0 = Release|Any CPU
	EndGlobalSection
	GlobalSection(SolutionProperties) = preSolution
		HideSolutionNode = FALSE
	EndGlobalSection
	GlobalSection(NestedProjects) = preSolution
		{C858236C-E64D-4CCD-B414-5C80B7A8BC7B} = {1C04537C-30C9-4D81-8A51-4B7D514D9CBA}
		{486630E5-05BD-494D-8C4B-D87D1951634F} = {1C04537C-30C9-4D81-8A51-4B7D514D9CBA}
		{BA3A19CA-00BB-43E9-88EB-6DDC660C5E88} = {486630E5-05BD-494D-8C4B-D87D1951634F}
		{9EBE441F-3F89-44D4-B8A6-E0A4761DD32B} = {486630E5-05BD-494D-8C4B-D87D1951634F}
	EndGlobalSection
	GlobalSection(ExtensibilityGlobals) = postSolution
		SolutionGuid = {0FB71535-0B1A-4A24-9723-CE9C5B6536A7}
	EndGlobalSection
EndGlobal
